
Microsoft Visual Studio Solution File, Format Version 12.00
# Visual Studio Version 17
VisualStudioVersion = 17.1.32407.343
MinimumVisualStudioVersion = 10.0.40219.1
Project("{FAE04EC0-301F-11D3-BF4B-00C04F79EFBC}") = "N1", "N1\N1.csproj", "{AE7F52A5-A165-46F1-933A-CAF59F95FE37}"
EndProject
Global
	GlobalSection(SolutionConfigurationPlatforms) = preSolution
		Debug|Any CPU = Debug|Any CPU
		Release|Any CPU = Release|Any CPU
	EndGlobalSection
	GlobalSection(ProjectConfigurationPlatforms) = postSolution
		{AE7F52A5-A165-46F1-933A-CAF59F95FE37}.Debug|Any CPU.ActiveCfg = Debug|Any CPU
		{AE7F52A5-A165-46F1-933A-CAF59F95FE37}.Debug|Any CPU.Build.0 = Debug|Any CPU
		{AE7F52A5-A165-46F1-933A-CAF59F95FE37}.Release|Any CPU.ActiveCfg = Release|Any CPU
		{AE7F52A5-A165-46F1-933A-CAF59F95FE37}.Release|Any CPU.Build.0 = Release|Any CPU
	EndGlobalSection
	GlobalSection(SolutionProperties) = preSolution
		HideSolutionNode = FALSE
	EndGlobalSection
	GlobalSection(ExtensibilityGlobals) = postSolution
		SolutionGuid = {C3BCABAB-0421-4E88-9C46-7BD5CE6AF69C}
	EndGlobalSection
EndGlobal
